
Microsoft Visual Studio Solution File, Format Version 12.00
# Visual Studio Version 17
VisualStudioVersion = 17.9.34723.18
MinimumVisualStudioVersion = 10.0.40219.1
Project("{FAE04EC0-301F-11D3-BF4B-00C04F79EFBC}") = "kart_", "kart_\kart_.csproj", "{A156C1C1-F127-42B4-98E2-D54316C81CAD}"
EndProject
Global
	GlobalSection(SolutionConfigurationPlatforms) = preSolution
		Debug|Any CPU = Debug|Any CPU
		Release|Any CPU = Release|Any CPU
	EndGlobalSection
	GlobalSection(ProjectConfigurationPlatforms) = postSolution
		{A156C1C1-F127-42B4-98E2-D54316C81CAD}.Debug|Any CPU.ActiveCfg = Debug|Any CPU
		{A156C1C1-F127-42B4-98E2-D54316C81CAD}.Debug|Any CPU.Build.0 = Debug|Any CPU
		{A156C1C1-F127-42B4-98E2-D54316C81CAD}.Release|Any CPU.ActiveCfg = Release|Any CPU
		{A156C1C1-F127-42B4-98E2-D54316C81CAD}.Release|Any CPU.Build.0 = Release|Any CPU
	EndGlobalSection
	GlobalSection(SolutionProperties) = preSolution
		HideSolutionNode = FALSE
	EndGlobalSection
	GlobalSection(ExtensibilityGlobals) = postSolution
		SolutionGuid = {B3AE24B0-4292-47B9-B71E-5D2EEB6D3E78}
	EndGlobalSection
EndGlobal
